
Microsoft Visual Studio Solution File, Format Version 12.00
# Visual Studio Version 16
VisualStudioVersion = 25.0.1706.1
MinimumVisualStudioVersion = 10.0.40219.1
Project("{FAE04EC0-301F-11D3-BF4B-00C04F79EFBC}") = "BetwayBackend", "BetwayBackend\BetwayBackend.csproj", "{51FD92EA-40AB-4B98-8956-EB13D1538880}"
EndProject
Global
	GlobalSection(SolutionConfigurationPlatforms) = preSolution
		Debug|Any CPU = Debug|Any CPU
		Release|Any CPU = Release|Any CPU
	EndGlobalSection
	GlobalSection(ProjectConfigurationPlatforms) = postSolution
		{51FD92EA-40AB-4B98-8956-EB13D1538880}.Debug|Any CPU.ActiveCfg = Debug|Any CPU
		{51FD92EA-40AB-4B98-8956-EB13D1538880}.Debug|Any CPU.Build.0 = Debug|Any CPU
		{51FD92EA-40AB-4B98-8956-EB13D1538880}.Release|Any CPU.ActiveCfg = Release|Any CPU
		{51FD92EA-40AB-4B98-8956-EB13D1538880}.Release|Any CPU.Build.0 = Release|Any CPU
	EndGlobalSection
	GlobalSection(SolutionProperties) = preSolution
		HideSolutionNode = FALSE
	EndGlobalSection
	GlobalSection(ExtensibilityGlobals) = postSolution
		SolutionGuid = {82A961F9-9D2A-4BA7-826A-05740A16824B}
	EndGlobalSection
EndGlobal
